{
  "requires": true,
  "lockfileVersion": 1,
  "dependencies": {
    "@ohos/agconnect-api": {
      "version": "1.0.3",
      "resolved": "https://cmc.centralrepo.rnd.huawei.com/artifactory/api/npm/product_npm/@ohos/agconnect-api/-/@ohos/agconnect-api-1.0.3.tgz",
      "integrity": "sha512-rQwSLgqreQngZNCKN37//3zmbSIRV81mksjAdU2gWIvtiI50QYhlK4pPhSWHx2zT0D+NvRy6/ChswlF/grf4bg==",
      "requires": {
        "@ohos/agconnect-api-types": "^1.0.3"
      }
    },
    "@ohos/agconnect-api-types": {
      "version": "1.0.3",
      "resolved": "https://cmc.centralrepo.rnd.huawei.com/artifactory/api/npm/product_npm/@ohos/agconnect-api-types/-/@ohos/agconnect-api-types-1.0.3.tgz",
      "integrity": "sha512-EaRhlkUPDatQN9JLUvgm57td6T7AcNdhafUBL9pTK3vHqw+X535FFvmgUQnNfWl5K5P/lLZ/yaRVbEdzaXc6NA=="
    },
    "@ohos/agconnect-base": {
      "version": "1.0.4-st.1",
      "resolved": "https://cmc.centralrepo.rnd.huawei.com/artifactory/api/npm/product_npm/@ohos/agconnect-base/-/@ohos/agconnect-base-1.0.4-st.1.tgz",
      "integrity": "sha512-2P9dmHfRQWfxUfT7TAX+jZSfkZdvrU6SGQZMvwQkJSkvaj2gHKzPFYQtKirJ8qA73VR4avkaIKS7ooon+uIu4Q==",
      "requires": {
        "base64-js": "^1.5.1",
        "crypto-js-ohos": "^1.0.6"
      }
    },
    "@ohos/agconnect-core": {
      "version": "1.0.4-st.1",
      "resolved": "https://cmc.centralrepo.rnd.huawei.com/artifactory/api/npm/product_npm/@ohos/agconnect-core/-/@ohos/agconnect-core-1.0.4-st.1.tgz",
      "integrity": "sha512-DF0FZpaXzE6W7fZnjDlmKBKmmRvZ4y9vJ2kM+LVKsmOi5zEyEXfArrvFiBrM5+EIoowZNEf+l07cloIJsKPFcQ==",
      "requires": {
        "@ohos/agconnect-api": "^1.0.3",
        "@ohos/agconnect-api-types": "^1.0.3",
        "@ohos/agconnect-base": "1.0.4-st.1",
        "@ohos/agconnect-core-types": "1.0.4-st.1"
      }
    },
    "@ohos/agconnect-core-types": {
      "version": "1.0.4-st.1",
      "resolved": "https://cmc.centralrepo.rnd.huawei.com/artifactory/api/npm/product_npm/@ohos/agconnect-core-types/-/@ohos/agconnect-core-types-1.0.4-st.1.tgz",
      "integrity": "sha512-PO+oM3l3Ubs8gyKpodDYoYSLCSMQDpYQNpII/G0JUMLZxRO8Maxsvy3aHYfiKA4aPl4qMueIfTxOukAixbgB6w=="
    },
    "@ohos/agconnect-credential": {
      "version": "1.0.4-st.1",
      "resolved": "https://cmc.centralrepo.rnd.huawei.com/artifactory/api/npm/product_npm/@ohos/agconnect-credential/-/@ohos/agconnect-credential-1.0.4-st.1.tgz",
      "integrity": "sha512-fAIl4tDfKR/+wmvwjmEa7gu7jFnsbMnfvbzLOwLvsnf70jMLY561XrxhiQVxKstvnncpBiMr9+KGoQDQur6Grw==",
      "requires": {
        "@ohos/agconnect-api": "^1.0.3",
        "@ohos/agconnect-api-types": "^1.0.3",
        "@ohos/agconnect-base": "1.0.4-st.1",
        "@ohos/agconnect-core": "1.0.4-st.1",
        "@ohos/agconnect-credential-types": "1.0.4-st.1"
      }
    },
    "@ohos/agconnect-credential-types": {
      "version": "1.0.4-st.1",
      "resolved": "https://cmc.centralrepo.rnd.huawei.com/artifactory/api/npm/product_npm/@ohos/agconnect-credential-types/-/@ohos/agconnect-credential-types-1.0.4-st.1.tgz",
      "integrity": "sha512-/rxXUnKjCpaKN8oa7QcqHFI0FTzmrgsdZXEsO4rSHLMbHxnxBa2oq6n21io0WzZjTIrGKR6fR8GbwsxYcWjwkg=="
    },
    "@ohos/agconnect-function": {
      "version": "1.0.4-st.1",
      "resolved": "https://cmc.centralrepo.rnd.huawei.com/artifactory/api/npm/product_npm/@ohos/agconnect-function/-/@ohos/agconnect-function-1.0.4-st.1.tgz",
      "integrity": "sha512-ffRbKc6TeHKbeRxJRyRw35rmT2mGmwI10qBvzfTm5KCj3xpEj+frlAldjbitWO1Ue0xuoXW1iDIGtl4AqZJlhg==",
      "requires": {
        "@ohos/agconnect-api": "^1.0.3",
        "@ohos/agconnect-api-types": "^1.0.3",
        "@ohos/agconnect-base": "1.0.4-st.1",
        "@ohos/agconnect-core": "1.0.4-st.1",
        "@ohos/agconnect-credential": "1.0.4-st.1",
        "@ohos/agconnect-credential-types": "1.0.4-st.1",
        "@ohos/agconnect-function-types": "1.0.4-st.1",
        "bignumber.js": "9.0.2",
        "js-md5": "0.7.3"
      }
    },
    "@ohos/agconnect-function-types": {
      "version": "1.0.4-st.1",
      "resolved": "https://cmc.centralrepo.rnd.huawei.com/artifactory/api/npm/product_npm/@ohos/agconnect-function-types/-/@ohos/agconnect-function-types-1.0.4-st.1.tgz",
      "integrity": "sha512-f9zQmwCWYfVr7jedm/TAFO3SYU76IqSMBYnQmRKKQckPozD12AMfzTYxKbqDYXO20wl2czcqESuda2i0blk4IA=="
    },
    "@ohos/agconnect-lowcode": {
      "version": "1.0.4-st.2",
      "resolved": "https://cmc.centralrepo.rnd.huawei.com/artifactory/api/npm/product_npm/@ohos/agconnect-lowcode/-/@ohos/agconnect-lowcode-1.0.4-st.2.tgz",
      "integrity": "sha512-zIlB8MIbuqc3N0COiZtvdSht5jzD9V0RDPLNjxqbKwDkAH1FpadzziLEoUqPEAvyy+ybtlhGART5kFW2z9QGHg==",
      "requires": {
        "@ohos/agconnect-api": "^1.0.3",
        "@ohos/agconnect-api-types": "^1.0.3",
        "@ohos/agconnect-base": "1.0.4-st.1",
        "@ohos/agconnect-core": "1.0.4-st.1",
        "@ohos/agconnect-credential": "1.0.4-st.1",
        "@ohos/agconnect-credential-types": "1.0.4-st.1",
        "@ohos/agconnect-function": "1.0.4-st.1",
        "@ohos/agconnect-lowcode-types": "1.0.4-st.2"
      }
    },
    "@ohos/agconnect-lowcode-types": {
      "version": "1.0.4-st.2",
      "resolved": "https://cmc.centralrepo.rnd.huawei.com/artifactory/api/npm/product_npm/@ohos/agconnect-lowcode-types/-/@ohos/agconnect-lowcode-types-1.0.4-st.2.tgz",
      "integrity": "sha512-NFSzI6MSFQb5GnaD8v5fYyo/xMPeXfpxPuNUyK/yeauIrJ9fLp3xxolKzd1CgEWpM+MG+W16dOUIEvU4rlnfSw=="
    },
    "base64-js": {
      "version": "1.5.1",
      "resolved": "http://mirrors.tools.huawei.com/npm/base64-js/-/base64-js-1.5.1.tgz",
      "integrity": "sha512-AKpaYlHn8t4SVbOHCy+b5+KKgvR4vrsD8vbvrbiQJps7fKDTkjkDry6ji0rUJjC0kzbNePLwzxq8iypo41qeWA=="
    },
    "bignumber.js": {
      "version": "9.0.2",
      "resolved": "http://mirrors.tools.huawei.com/npm/bignumber.js/-/bignumber.js-9.0.2.tgz",
      "integrity": "sha512-GAcQvbpsM0pUb0zw1EI0KhQEZ+lRwR5fYaAp3vPOYuP7aDvGy6cVN6XHLauvF8SOga2y0dcLcjt3iQDTSEliyw=="
    },
    "crypto-js-ohos": {
      "version": "1.0.6",
      "resolved": "http://mirrors.tools.huawei.com/npm/crypto-js-ohos/-/crypto-js-ohos-1.0.6.tgz",
      "integrity": "sha512-mHSTvydpm8Ngn5bVp1T4kALFWs66zO19itDVxsNYotSDDBus/uXET94eqzJGtvAFBDl2BRQ4Q+9W56NIVOSI2g=="
    },
    "js-md5": {
      "version": "0.7.3",
      "resolved": "http://mirrors.tools.huawei.com/npm/js-md5/-/js-md5-0.7.3.tgz",
      "integrity": "sha512-ZC41vPSTLKGwIRjqDh8DfXoCrdQIyBgspJVPXHBGu4nZlAEvG3nf+jO9avM9RmLiGakg7vz974ms99nEV0tmTQ=="
    }
  }
}
